
Microsoft Visual Studio Solution File, Format Version 12.00
# Visual Studio 15
VisualStudioVersion = 15.0.28307.705
MinimumVisualStudioVersion = 10.0.40219.1
Project("{FAE04EC0-301F-11D3-BF4B-00C04F79EFBC}") = "Minimize_AFD_V2", "Minimize_AFD_V2\Minimize_AFD_V2.csproj", "{FCB0CC65-E291-44E7-8503-FAFEE95F74B5}"
EndProject
Project("{2150E333-8FDC-42A3-9474-1A3956D46DE8}") = "Solution Items", "Solution Items", "{00720F13-8469-4944-AD40-85068FCDBEBE}"
	ProjectSection(SolutionItems) = preProject
		state_nodes.cs = state_nodes.cs
	EndProjectSection
EndProject
Global
	GlobalSection(SolutionConfigurationPlatforms) = preSolution
		Debug|Any CPU = Debug|Any CPU
		Release|Any CPU = Release|Any CPU
	EndGlobalSection
	GlobalSection(ProjectConfigurationPlatforms) = postSolution
		{FCB0CC65-E291-44E7-8503-FAFEE95F74B5}.Debug|Any CPU.ActiveCfg = Debug|Any CPU
		{FCB0CC65-E291-44E7-8503-FAFEE95F74B5}.Debug|Any CPU.Build.0 = Debug|Any CPU
		{FCB0CC65-E291-44E7-8503-FAFEE95F74B5}.Release|Any CPU.ActiveCfg = Release|Any CPU
		{FCB0CC65-E291-44E7-8503-FAFEE95F74B5}.Release|Any CPU.Build.0 = Release|Any CPU
	EndGlobalSection
	GlobalSection(SolutionProperties) = preSolution
		HideSolutionNode = FALSE
	EndGlobalSection
	GlobalSection(ExtensibilityGlobals) = postSolution
		SolutionGuid = {EF1A1E52-2051-4E62-8B13-739FCBB80DAE}
	EndGlobalSection
EndGlobal
